
Microsoft Visual Studio Solution File, Format Version 12.00
# Visual Studio Version 18
VisualStudioVersion = 18.4.11605.240
MinimumVisualStudioVersion = 10.0.40219.1
Project("{2150E333-8FDC-42A3-9474-1A3956D46DE8}") = "Web", "Web", "{02EA681E-C7D8-13C7-8484-4AC65E1B71E8}"
EndProject
Project("{FAE04EC0-301F-11D3-BF4B-00C04F79EFBC}") = "DanpheEMR.WEB", "Web\DanpheEMR.WEB\DanpheEMR.WEB.csproj", "{D905A600-9777-4CFE-AC86-62FCFE3C2E42}"
EndProject
Project("{FAE04EC0-301F-11D3-BF4B-00C04F79EFBC}") = "DanpheEMR.Core", "DanpheEMR.Core\DanpheEMR.Core.csproj", "{B5369407-56A5-4A17-9FE6-06354E959E3E}"
EndProject
Project("{FAE04EC0-301F-11D3-BF4B-00C04F79EFBC}") = "DanpheEMR.Application", "DanpheEMR.Application\DanpheEMR.Application.csproj", "{5A17B6C3-9AC8-42B3-BCC2-D6E7961CC45F}"
EndProject
Project("{FAE04EC0-301F-11D3-BF4B-00C04F79EFBC}") = "DanpheEMR.DataAccess", "DanpheEMR.DataAccess\DanpheEMR.DataAccess.csproj", "{963AC51A-EA93-408E-BB79-523EA7DF5419}"
EndProject
Global
	GlobalSection(SolutionConfigurationPlatforms) = preSolution
		Debug|Any CPU = Debug|Any CPU
		Release|Any CPU = Release|Any CPU
	EndGlobalSection
	GlobalSection(ProjectConfigurationPlatforms) = postSolution
		{D905A600-9777-4CFE-AC86-62FCFE3C2E42}.Debug|Any CPU.ActiveCfg = Debug|Any CPU
		{D905A600-9777-4CFE-AC86-62FCFE3C2E42}.Debug|Any CPU.Build.0 = Debug|Any CPU
		{D905A600-9777-4CFE-AC86-62FCFE3C2E42}.Release|Any CPU.ActiveCfg = Release|Any CPU
		{D905A600-9777-4CFE-AC86-62FCFE3C2E42}.Release|Any CPU.Build.0 = Release|Any CPU
		{B5369407-56A5-4A17-9FE6-06354E959E3E}.Debug|Any CPU.ActiveCfg = Debug|Any CPU
		{B5369407-56A5-4A17-9FE6-06354E959E3E}.Debug|Any CPU.Build.0 = Debug|Any CPU
		{B5369407-56A5-4A17-9FE6-06354E959E3E}.Release|Any CPU.ActiveCfg = Release|Any CPU
		{B5369407-56A5-4A17-9FE6-06354E959E3E}.Release|Any CPU.Build.0 = Release|Any CPU
		{5A17B6C3-9AC8-42B3-BCC2-D6E7961CC45F}.Debug|Any CPU.ActiveCfg = Debug|Any CPU
		{5A17B6C3-9AC8-42B3-BCC2-D6E7961CC45F}.Debug|Any CPU.Build.0 = Debug|Any CPU
		{5A17B6C3-9AC8-42B3-BCC2-D6E7961CC45F}.Release|Any CPU.ActiveCfg = Release|Any CPU
		{5A17B6C3-9AC8-42B3-BCC2-D6E7961CC45F}.Release|Any CPU.Build.0 = Release|Any CPU
		{963AC51A-EA93-408E-BB79-523EA7DF5419}.Debug|Any CPU.ActiveCfg = Debug|Any CPU
		{963AC51A-EA93-408E-BB79-523EA7DF5419}.Debug|Any CPU.Build.0 = Debug|Any CPU
		{963AC51A-EA93-408E-BB79-523EA7DF5419}.Release|Any CPU.ActiveCfg = Release|Any CPU
		{963AC51A-EA93-408E-BB79-523EA7DF5419}.Release|Any CPU.Build.0 = Release|Any CPU
	EndGlobalSection
	GlobalSection(SolutionProperties) = preSolution
		HideSolutionNode = FALSE
	EndGlobalSection
	GlobalSection(NestedProjects) = preSolution
		{D905A600-9777-4CFE-AC86-62FCFE3C2E42} = {02EA681E-C7D8-13C7-8484-4AC65E1B71E8}
		{B5369407-56A5-4A17-9FE6-06354E959E3E} = {02EA681E-C7D8-13C7-8484-4AC65E1B71E8}
		{5A17B6C3-9AC8-42B3-BCC2-D6E7961CC45F} = {02EA681E-C7D8-13C7-8484-4AC65E1B71E8}
		{963AC51A-EA93-408E-BB79-523EA7DF5419} = {02EA681E-C7D8-13C7-8484-4AC65E1B71E8}
	EndGlobalSection
	GlobalSection(ExtensibilityGlobals) = postSolution
		SolutionGuid = {79D6C03E-5C78-44B6-B13A-53EF107C8D6C}
	EndGlobalSection
EndGlobal
